<?xml version="1.0" encoding="utf-8"?>
<Project ToolsVersion="16.0" xmlns="http://schemas.microsoft.com/developer/msbuild/2003">
  <ItemGroup>
    <ClCompile Include="E:\PhD\gaussian_VR\VRSplat\SIBR_viewers\src\core\graphics\Camera.cpp">
      <Filter>Source Files</Filter>
    </ClCompile>
    <ClCompile Include="E:\PhD\gaussian_VR\VRSplat\SIBR_viewers\src\core\graphics\Frustum.cpp">
      <Filter>Source Files</Filter>
    </ClCompile>
    <ClCompile Include="E:\PhD\gaussian_VR\VRSplat\SIBR_viewers\src\core\graphics\GPUQuery.cpp">
      <Filter>Source Files</Filter>
    </ClCompile>
    <ClCompile Include="E:\PhD\gaussian_VR\VRSplat\SIBR_viewers\src\core\graphics\GUI.cpp">
      <Filter>Source Files</Filter>
    </ClCompile>
    <ClCompile Include="E:\PhD\gaussian_VR\VRSplat\SIBR_viewers\src\core\graphics\Image.cpp">
      <Filter>Source Files</Filter>
    </ClCompile>
    <ClCompile Include="E:\PhD\gaussian_VR\VRSplat\SIBR_viewers\src\core\graphics\Input.cpp">
      <Filter>Source Files</Filter>
    </ClCompile>
    <ClCompile Include="E:\PhD\gaussian_VR\VRSplat\SIBR_viewers\src\core\graphics\MaterialMesh.cpp">
      <Filter>Source Files</Filter>
    </ClCompile>
    <ClCompile Include="E:\PhD\gaussian_VR\VRSplat\SIBR_viewers\src\core\graphics\Mesh.cpp">
      <Filter>Source Files</Filter>
    </ClCompile>
    <ClCompile Include="E:\PhD\gaussian_VR\VRSplat\SIBR_viewers\src\core\graphics\MeshBufferGL.cpp">
      <Filter>Source Files</Filter>
    </ClCompile>
    <ClCompile Include="E:\PhD\gaussian_VR\VRSplat\SIBR_viewers\src\core\graphics\RenderTarget.cpp">
      <Filter>Source Files</Filter>
    </ClCompile>
    <ClCompile Include="E:\PhD\gaussian_VR\VRSplat\SIBR_viewers\src\core\graphics\RenderUtility.cpp">
      <Filter>Source Files</Filter>
    </ClCompile>
    <ClCompile Include="E:\PhD\gaussian_VR\VRSplat\SIBR_viewers\src\core\graphics\Shader.cpp">
      <Filter>Source Files</Filter>
    </ClCompile>
    <ClCompile Include="E:\PhD\gaussian_VR\VRSplat\SIBR_viewers\src\core\graphics\Texture.cpp">
      <Filter>Source Files</Filter>
    </ClCompile>
    <ClCompile Include="E:\PhD\gaussian_VR\VRSplat\SIBR_viewers\src\core\graphics\Utils.cpp">
      <Filter>Source Files</Filter>
    </ClCompile>
    <ClCompile Include="E:\PhD\gaussian_VR\VRSplat\SIBR_viewers\src\core\graphics\Viewport.cpp">
      <Filter>Source Files</Filter>
    </ClCompile>
    <ClCompile Include="E:\PhD\gaussian_VR\VRSplat\SIBR_viewers\src\core\graphics\Window.cpp">
      <Filter>Source Files</Filter>
    </ClCompile>
  </ItemGroup>
  <ItemGroup>
    <ClInclude Include="E:\PhD\gaussian_VR\VRSplat\SIBR_viewers\src\core\graphics\Camera.hpp">
      <Filter>Source Files</Filter>
    </ClInclude>
    <ClInclude Include="E:\PhD\gaussian_VR\VRSplat\SIBR_viewers\src\core\graphics\Config.hpp">
      <Filter>Source Files</Filter>
    </ClInclude>
    <ClInclude Include="E:\PhD\gaussian_VR\VRSplat\SIBR_viewers\src\core\graphics\Frustum.hpp">
      <Filter>Source Files</Filter>
    </ClInclude>
    <ClInclude Include="E:\PhD\gaussian_VR\VRSplat\SIBR_viewers\src\core\graphics\GPUQuery.hpp">
      <Filter>Source Files</Filter>
    </ClInclude>
    <ClInclude Include="E:\PhD\gaussian_VR\VRSplat\SIBR_viewers\src\core\graphics\GUI.hpp">
      <Filter>Source Files</Filter>
    </ClInclude>
    <ClInclude Include="E:\PhD\gaussian_VR\VRSplat\SIBR_viewers\src\core\graphics\Image.hpp">
      <Filter>Source Files</Filter>
    </ClInclude>
    <ClInclude Include="E:\PhD\gaussian_VR\VRSplat\SIBR_viewers\src\core\graphics\Input.hpp">
      <Filter>Source Files</Filter>
    </ClInclude>
    <ClInclude Include="E:\PhD\gaussian_VR\VRSplat\SIBR_viewers\src\core\graphics\MaterialMesh.hpp">
      <Filter>Source Files</Filter>
    </ClInclude>
    <ClInclude Include="E:\PhD\gaussian_VR\VRSplat\SIBR_viewers\src\core\graphics\Mesh.hpp">
      <Filter>Source Files</Filter>
    </ClInclude>
    <ClInclude Include="E:\PhD\gaussian_VR\VRSplat\SIBR_viewers\src\core\graphics\MeshBufferGL.hpp">
      <Filter>Source Files</Filter>
    </ClInclude>
    <ClInclude Include="E:\PhD\gaussian_VR\VRSplat\SIBR_viewers\src\core\graphics\RenderTarget.hpp">
      <Filter>Source Files</Filter>
    </ClInclude>
    <ClInclude Include="E:\PhD\gaussian_VR\VRSplat\SIBR_viewers\src\core\graphics\RenderUtility.hpp">
      <Filter>Source Files</Filter>
    </ClInclude>
    <ClInclude Include="E:\PhD\gaussian_VR\VRSplat\SIBR_viewers\src\core\graphics\Shader.hpp">
      <Filter>Source Files</Filter>
    </ClInclude>
    <ClInclude Include="E:\PhD\gaussian_VR\VRSplat\SIBR_viewers\src\core\graphics\Texture.hpp">
      <Filter>Source Files</Filter>
    </ClInclude>
    <ClInclude Include="E:\PhD\gaussian_VR\VRSplat\SIBR_viewers\src\core\graphics\Types.hpp">
      <Filter>Source Files</Filter>
    </ClInclude>
    <ClInclude Include="E:\PhD\gaussian_VR\VRSplat\SIBR_viewers\src\core\graphics\Utils.hpp">
      <Filter>Source Files</Filter>
    </ClInclude>
    <ClInclude Include="E:\PhD\gaussian_VR\VRSplat\SIBR_viewers\src\core\graphics\Viewport.hpp">
      <Filter>Source Files</Filter>
    </ClInclude>
    <ClInclude Include="E:\PhD\gaussian_VR\VRSplat\SIBR_viewers\src\core\graphics\Window.hpp">
      <Filter>Source Files</Filter>
    </ClInclude>
    <ClInclude Include="E:\PhD\gaussian_VR\VRSplat\SIBR_viewers\extlibs\picojson\picojson\picojson.hpp">
      <Filter>Header Files</Filter>
    </ClInclude>
    <ClInclude Include="E:\PhD\gaussian_VR\VRSplat\SIBR_viewers\extlibs\rapidxml\rapidxml\rapidxml.hpp">
      <Filter>Header Files</Filter>
    </ClInclude>
    <ClInclude Include="E:\PhD\gaussian_VR\VRSplat\SIBR_viewers\extlibs\rapidxml\rapidxml\rapidxml_iterators.hpp">
      <Filter>Header Files</Filter>
    </ClInclude>
    <ClInclude Include="E:\PhD\gaussian_VR\VRSplat\SIBR_viewers\extlibs\rapidxml\rapidxml\rapidxml_print.hpp">
      <Filter>Header Files</Filter>
    </ClInclude>
    <ClInclude Include="E:\PhD\gaussian_VR\VRSplat\SIBR_viewers\extlibs\rapidxml\rapidxml\rapidxml_utils.hpp">
      <Filter>Header Files</Filter>
    </ClInclude>
  </ItemGroup>
  <ItemGroup>
    <CustomBuild Include="E:\PhD\gaussian_VR\VRSplat\SIBR_viewers\src\core\graphics\CMakeLists.txt" />
  </ItemGroup>
  <ItemGroup>
    <Filter Include="Header Files">
      <UniqueIdentifier>{BE4581D1-BAC5-3B76-A7B1-90347856BF73}</UniqueIdentifier>
    </Filter>
    <Filter Include="Source Files">
      <UniqueIdentifier>{DA1E0CC6-B645-3662-B3B6-FA6474EA2EC1}</UniqueIdentifier>
    </Filter>
  </ItemGroup>
</Project>
