<?xml version="1.0" encoding="utf-8"?>
<Project ToolsVersion="16.0" xmlns="http://schemas.microsoft.com/developer/msbuild/2003">
  <ItemGroup>
    <ClCompile Include="E:\PhD\gaussian_VR\VRSplat\SIBR_viewers\src\core\scene\BasicIBRScene.cpp">
      <Filter>Source Files</Filter>
    </ClCompile>
    <ClCompile Include="E:\PhD\gaussian_VR\VRSplat\SIBR_viewers\src\core\scene\CalibratedCameras.cpp">
      <Filter>Source Files</Filter>
    </ClCompile>
    <ClCompile Include="E:\PhD\gaussian_VR\VRSplat\SIBR_viewers\src\core\scene\InputImages.cpp">
      <Filter>Source Files</Filter>
    </ClCompile>
    <ClCompile Include="E:\PhD\gaussian_VR\VRSplat\SIBR_viewers\src\core\scene\ParseData.cpp">
      <Filter>Source Files</Filter>
    </ClCompile>
    <ClCompile Include="E:\PhD\gaussian_VR\VRSplat\SIBR_viewers\src\core\scene\ProxyMesh.cpp">
      <Filter>Source Files</Filter>
    </ClCompile>
    <ClCompile Include="E:\PhD\gaussian_VR\VRSplat\SIBR_viewers\src\core\scene\RenderTargetTextures.cpp">
      <Filter>Source Files</Filter>
    </ClCompile>
  </ItemGroup>
  <ItemGroup>
    <ClInclude Include="E:\PhD\gaussian_VR\VRSplat\SIBR_viewers\src\core\scene\BasicIBRScene.hpp">
      <Filter>Source Files</Filter>
    </ClInclude>
    <ClInclude Include="E:\PhD\gaussian_VR\VRSplat\SIBR_viewers\src\core\scene\CalibratedCameras.hpp">
      <Filter>Source Files</Filter>
    </ClInclude>
    <ClInclude Include="E:\PhD\gaussian_VR\VRSplat\SIBR_viewers\src\core\scene\Config.hpp">
      <Filter>Source Files</Filter>
    </ClInclude>
    <ClInclude Include="E:\PhD\gaussian_VR\VRSplat\SIBR_viewers\src\core\scene\ICalibratedCameras.hpp">
      <Filter>Source Files</Filter>
    </ClInclude>
    <ClInclude Include="E:\PhD\gaussian_VR\VRSplat\SIBR_viewers\src\core\scene\IIBRScene.hpp">
      <Filter>Source Files</Filter>
    </ClInclude>
    <ClInclude Include="E:\PhD\gaussian_VR\VRSplat\SIBR_viewers\src\core\scene\IInputImages.hpp">
      <Filter>Source Files</Filter>
    </ClInclude>
    <ClInclude Include="E:\PhD\gaussian_VR\VRSplat\SIBR_viewers\src\core\scene\IParseData.hpp">
      <Filter>Source Files</Filter>
    </ClInclude>
    <ClInclude Include="E:\PhD\gaussian_VR\VRSplat\SIBR_viewers\src\core\scene\IProxyMesh.hpp">
      <Filter>Source Files</Filter>
    </ClInclude>
    <ClInclude Include="E:\PhD\gaussian_VR\VRSplat\SIBR_viewers\src\core\scene\InputImages.hpp">
      <Filter>Source Files</Filter>
    </ClInclude>
    <ClInclude Include="E:\PhD\gaussian_VR\VRSplat\SIBR_viewers\src\core\scene\ParseData.hpp">
      <Filter>Source Files</Filter>
    </ClInclude>
    <ClInclude Include="E:\PhD\gaussian_VR\VRSplat\SIBR_viewers\src\core\scene\ProxyMesh.hpp">
      <Filter>Source Files</Filter>
    </ClInclude>
    <ClInclude Include="E:\PhD\gaussian_VR\VRSplat\SIBR_viewers\src\core\scene\RenderTargetTextures.hpp">
      <Filter>Source Files</Filter>
    </ClInclude>
    <ClInclude Include="E:\PhD\gaussian_VR\VRSplat\SIBR_viewers\extlibs\picojson\picojson\picojson.hpp">
      <Filter>Header Files</Filter>
    </ClInclude>
    <ClInclude Include="E:\PhD\gaussian_VR\VRSplat\SIBR_viewers\extlibs\rapidxml\rapidxml\rapidxml.hpp">
      <Filter>Header Files</Filter>
    </ClInclude>
    <ClInclude Include="E:\PhD\gaussian_VR\VRSplat\SIBR_viewers\extlibs\rapidxml\rapidxml\rapidxml_iterators.hpp">
      <Filter>Header Files</Filter>
    </ClInclude>
    <ClInclude Include="E:\PhD\gaussian_VR\VRSplat\SIBR_viewers\extlibs\rapidxml\rapidxml\rapidxml_print.hpp">
      <Filter>Header Files</Filter>
    </ClInclude>
    <ClInclude Include="E:\PhD\gaussian_VR\VRSplat\SIBR_viewers\extlibs\rapidxml\rapidxml\rapidxml_utils.hpp">
      <Filter>Header Files</Filter>
    </ClInclude>
    <ClInclude Include="E:\PhD\gaussian_VR\VRSplat\SIBR_viewers\extlibs\nanoflann\nanoflann\nanoflann.hpp">
      <Filter>Header Files</Filter>
    </ClInclude>
  </ItemGroup>
  <ItemGroup>
    <CustomBuild Include="E:\PhD\gaussian_VR\VRSplat\SIBR_viewers\src\core\scene\CMakeLists.txt" />
  </ItemGroup>
  <ItemGroup>
    <Filter Include="Header Files">
      <UniqueIdentifier>{BE4581D1-BAC5-3B76-A7B1-90347856BF73}</UniqueIdentifier>
    </Filter>
    <Filter Include="Source Files">
      <UniqueIdentifier>{DA1E0CC6-B645-3662-B3B6-FA6474EA2EC1}</UniqueIdentifier>
    </Filter>
  </ItemGroup>
</Project>
