<?xml version="1.0" encoding="utf-8"?>
<Project ToolsVersion="16.0" xmlns="http://schemas.microsoft.com/developer/msbuild/2003">
  <ItemGroup>
    <CustomBuild Include="E:\PhD\gaussian_VR\VRSplat\SIBR_viewers\CMakeFiles\82e9ea2de8c4f5629e5ccd5c9204844d\sibr_basic_all_install.rule">
      <Filter>CMake Rules</Filter>
    </CustomBuild>
    <CustomBuild Include="E:\PhD\gaussian_VR\VRSplat\SIBR_viewers\src\projects\basic\CMakeLists.txt" />
  </ItemGroup>
  <ItemGroup>
    <None Include="E:\PhD\gaussian_VR\VRSplat\SIBR_viewers\src\projects\basic\CMakeFiles\sibr_basic_all_install" />
  </ItemGroup>
  <ItemGroup>
    <Filter Include="CMake Rules">
      <UniqueIdentifier>{82606B91-CFE4-3DB2-8988-F27E4E6D2B4D}</UniqueIdentifier>
    </Filter>
  </ItemGroup>
</Project>
