
Microsoft Visual Studio Solution File, Format Version 12.00
# Visual Studio Version 16
Project("{2150E333-8FDC-42A3-9474-1A3956D46DE8}") = "core", "core", "{15AFABC2-4527-3B16-84A9-10ABB8BC6163}"
EndProject
Project("{2150E333-8FDC-42A3-9474-1A3956D46DE8}") = "extlibs", "extlibs", "{0CCA2CAF-3209-36A4-9282-511E7EBD12F7}"
EndProject
Project("{2150E333-8FDC-42A3-9474-1A3956D46DE8}") = "projects", "projects", "{FD5D38D2-0322-3A36-8B27-51C988C574AC}"
EndProject
Project("{2150E333-8FDC-42A3-9474-1A3956D46DE8}") = "basic", "projects\basic", "{FBDFFFA8-0638-3C23-8876-7EC66C876E2F}"
EndProject
Project("{2150E333-8FDC-42A3-9474-1A3956D46DE8}") = "renderer", "projects\basic\renderer", "{CE59D4BA-9F86-3D5A-A68F-AF3C1C7E9238}"
EndProject
Project("{2150E333-8FDC-42A3-9474-1A3956D46DE8}") = "remote", "projects\remote", "{2D0BA29B-8520-31AE-840C-FD099525D5CB}"
EndProject
Project("{2150E333-8FDC-42A3-9474-1A3956D46DE8}") = "apps", "projects\remote\apps", "{7603EBD6-5D6A-31FB-B7D9-A2AF0B3306C8}"
EndProject
Project("{2150E333-8FDC-42A3-9474-1A3956D46DE8}") = "renderer", "projects\remote\renderer", "{4444C021-4225-3F6E-9680-E91756A33705}"
EndProject
Project("{8BC9CEB8-8B4A-11D0-8D11-00A0C91BC942}") = "ALL_BUILD", "ALL_BUILD.vcxproj", "{6770791D-7F3E-3FCB-BBB8-D7A4CF039111}"
	ProjectSection(ProjectDependencies) = postProject
		{6ADB6353-A0A2-3E01-8D5F-B34B996DFEE0} = {6ADB6353-A0A2-3E01-8D5F-B34B996DFEE0}
		{58CFAD28-94C0-392B-B0D2-7E35D888D9B9} = {58CFAD28-94C0-392B-B0D2-7E35D888D9B9}
		{8E853A37-C487-3E76-9981-F49AA93CD684} = {8E853A37-C487-3E76-9981-F49AA93CD684}
	EndProjectSection
EndProject
Project("{8BC9CEB8-8B4A-11D0-8D11-00A0C91BC942}") = "INSTALL", "INSTALL.vcxproj", "{67E4B74A-5292-3B67-8506-86826DA5B389}"
	ProjectSection(ProjectDependencies) = postProject
		{6770791D-7F3E-3FCB-BBB8-D7A4CF039111} = {6770791D-7F3E-3FCB-BBB8-D7A4CF039111}
		{58CFAD28-94C0-392B-B0D2-7E35D888D9B9} = {58CFAD28-94C0-392B-B0D2-7E35D888D9B9}
	EndProjectSection
EndProject
Project("{8BC9CEB8-8B4A-11D0-8D11-00A0C91BC942}") = "SIBR_remoteGaussian_app", "apps\remoteGaussianUI\SIBR_remoteGaussian_app.vcxproj", "{6ADB6353-A0A2-3E01-8D5F-B34B996DFEE0}"
	ProjectSection(ProjectDependencies) = postProject
		{58CFAD28-94C0-392B-B0D2-7E35D888D9B9} = {58CFAD28-94C0-392B-B0D2-7E35D888D9B9}
		{7560CBDC-BEAD-328C-9DE6-7B1807B69147} = {7560CBDC-BEAD-328C-9DE6-7B1807B69147}
		{401FC1B4-0667-3945-BE12-908F786CB4FE} = {401FC1B4-0667-3945-BE12-908F786CB4FE}
		{C502EE22-D550-30EA-9FF1-FDB3B1677E57} = {C502EE22-D550-30EA-9FF1-FDB3B1677E57}
		{C0019842-F8B4-36D6-8ABC-BFB6DCF82ED4} = {C0019842-F8B4-36D6-8ABC-BFB6DCF82ED4}
		{EB5E4E2A-C57B-34B7-BDB3-C87CEE1E10A5} = {EB5E4E2A-C57B-34B7-BDB3-C87CEE1E10A5}
		{8E853A37-C487-3E76-9981-F49AA93CD684} = {8E853A37-C487-3E76-9981-F49AA93CD684}
		{EDB58399-74E6-322D-BD9A-C7F037ECB9DC} = {EDB58399-74E6-322D-BD9A-C7F037ECB9DC}
		{69E74FE9-9D93-34B3-B2CE-7E1952AA5015} = {69E74FE9-9D93-34B3-B2CE-7E1952AA5015}
		{542F599E-9967-3A40-8BC6-49C84AE77F53} = {542F599E-9967-3A40-8BC6-49C84AE77F53}
		{534BEFC5-E831-3A4A-B43F-E829B97CDCAA} = {534BEFC5-E831-3A4A-B43F-E829B97CDCAA}
		{6E72B2F0-A5EE-3E22-AD56-963141C5F1A7} = {6E72B2F0-A5EE-3E22-AD56-963141C5F1A7}
		{3D5A4FD4-C436-382C-9A97-A3B4DE5BE281} = {3D5A4FD4-C436-382C-9A97-A3B4DE5BE281}
	EndProjectSection
EndProject
Project("{8BC9CEB8-8B4A-11D0-8D11-00A0C91BC942}") = "SIBR_remoteGaussian_app_install", "apps\remoteGaussianUI\SIBR_remoteGaussian_app_install.vcxproj", "{C9EA08F7-35A4-3FDF-AF4D-9E73E75D08CD}"
	ProjectSection(ProjectDependencies) = postProject
		{6ADB6353-A0A2-3E01-8D5F-B34B996DFEE0} = {6ADB6353-A0A2-3E01-8D5F-B34B996DFEE0}
		{58CFAD28-94C0-392B-B0D2-7E35D888D9B9} = {58CFAD28-94C0-392B-B0D2-7E35D888D9B9}
	EndProjectSection
EndProject
Project("{8BC9CEB8-8B4A-11D0-8D11-00A0C91BC942}") = "ZERO_CHECK", "..\..\..\\ZERO_CHECK.vcxproj", "{58CFAD28-94C0-392B-B0D2-7E35D888D9B9}"
	ProjectSection(ProjectDependencies) = postProject
	EndProjectSection
EndProject
Project("{8BC9CEB8-8B4A-11D0-8D11-00A0C91BC942}") = "imgui", "..\..\..\extlibs\imgui\build\imgui.vcxproj", "{7560CBDC-BEAD-328C-9DE6-7B1807B69147}"
	ProjectSection(ProjectDependencies) = postProject
		{58CFAD28-94C0-392B-B0D2-7E35D888D9B9} = {58CFAD28-94C0-392B-B0D2-7E35D888D9B9}
	EndProjectSection
EndProject
Project("{8BC9CEB8-8B4A-11D0-8D11-00A0C91BC942}") = "sibr_assets", "..\..\core\assets\sibr_assets.vcxproj", "{401FC1B4-0667-3945-BE12-908F786CB4FE}"
	ProjectSection(ProjectDependencies) = postProject
		{58CFAD28-94C0-392B-B0D2-7E35D888D9B9} = {58CFAD28-94C0-392B-B0D2-7E35D888D9B9}
		{7560CBDC-BEAD-328C-9DE6-7B1807B69147} = {7560CBDC-BEAD-328C-9DE6-7B1807B69147}
		{C0019842-F8B4-36D6-8ABC-BFB6DCF82ED4} = {C0019842-F8B4-36D6-8ABC-BFB6DCF82ED4}
		{542F599E-9967-3A40-8BC6-49C84AE77F53} = {542F599E-9967-3A40-8BC6-49C84AE77F53}
		{3D5A4FD4-C436-382C-9A97-A3B4DE5BE281} = {3D5A4FD4-C436-382C-9A97-A3B4DE5BE281}
	EndProjectSection
EndProject
Project("{8BC9CEB8-8B4A-11D0-8D11-00A0C91BC942}") = "sibr_basic", "..\basic\renderer\sibr_basic.vcxproj", "{C502EE22-D550-30EA-9FF1-FDB3B1677E57}"
	ProjectSection(ProjectDependencies) = postProject
		{58CFAD28-94C0-392B-B0D2-7E35D888D9B9} = {58CFAD28-94C0-392B-B0D2-7E35D888D9B9}
		{7560CBDC-BEAD-328C-9DE6-7B1807B69147} = {7560CBDC-BEAD-328C-9DE6-7B1807B69147}
		{401FC1B4-0667-3945-BE12-908F786CB4FE} = {401FC1B4-0667-3945-BE12-908F786CB4FE}
		{C0019842-F8B4-36D6-8ABC-BFB6DCF82ED4} = {C0019842-F8B4-36D6-8ABC-BFB6DCF82ED4}
		{EB5E4E2A-C57B-34B7-BDB3-C87CEE1E10A5} = {EB5E4E2A-C57B-34B7-BDB3-C87CEE1E10A5}
		{EDB58399-74E6-322D-BD9A-C7F037ECB9DC} = {EDB58399-74E6-322D-BD9A-C7F037ECB9DC}
		{69E74FE9-9D93-34B3-B2CE-7E1952AA5015} = {69E74FE9-9D93-34B3-B2CE-7E1952AA5015}
		{542F599E-9967-3A40-8BC6-49C84AE77F53} = {542F599E-9967-3A40-8BC6-49C84AE77F53}
		{534BEFC5-E831-3A4A-B43F-E829B97CDCAA} = {534BEFC5-E831-3A4A-B43F-E829B97CDCAA}
		{6E72B2F0-A5EE-3E22-AD56-963141C5F1A7} = {6E72B2F0-A5EE-3E22-AD56-963141C5F1A7}
		{3D5A4FD4-C436-382C-9A97-A3B4DE5BE281} = {3D5A4FD4-C436-382C-9A97-A3B4DE5BE281}
	EndProjectSection
EndProject
Project("{8BC9CEB8-8B4A-11D0-8D11-00A0C91BC942}") = "sibr_graphics", "..\..\core\graphics\sibr_graphics.vcxproj", "{C0019842-F8B4-36D6-8ABC-BFB6DCF82ED4}"
	ProjectSection(ProjectDependencies) = postProject
		{58CFAD28-94C0-392B-B0D2-7E35D888D9B9} = {58CFAD28-94C0-392B-B0D2-7E35D888D9B9}
		{7560CBDC-BEAD-328C-9DE6-7B1807B69147} = {7560CBDC-BEAD-328C-9DE6-7B1807B69147}
		{B59900AA-7918-32B1-9557-4D99F1B4CFB9} = {B59900AA-7918-32B1-9557-4D99F1B4CFB9}
		{542F599E-9967-3A40-8BC6-49C84AE77F53} = {542F599E-9967-3A40-8BC6-49C84AE77F53}
	EndProjectSection
EndProject
Project("{8BC9CEB8-8B4A-11D0-8D11-00A0C91BC942}") = "sibr_graphics_resources", "..\..\core\graphics\sibr_graphics_resources.vcxproj", "{B59900AA-7918-32B1-9557-4D99F1B4CFB9}"
	ProjectSection(ProjectDependencies) = postProject
		{58CFAD28-94C0-392B-B0D2-7E35D888D9B9} = {58CFAD28-94C0-392B-B0D2-7E35D888D9B9}
	EndProjectSection
EndProject
Project("{8BC9CEB8-8B4A-11D0-8D11-00A0C91BC942}") = "sibr_raycaster", "..\..\core\raycaster\sibr_raycaster.vcxproj", "{EB5E4E2A-C57B-34B7-BDB3-C87CEE1E10A5}"
	ProjectSection(ProjectDependencies) = postProject
		{58CFAD28-94C0-392B-B0D2-7E35D888D9B9} = {58CFAD28-94C0-392B-B0D2-7E35D888D9B9}
		{7560CBDC-BEAD-328C-9DE6-7B1807B69147} = {7560CBDC-BEAD-328C-9DE6-7B1807B69147}
		{401FC1B4-0667-3945-BE12-908F786CB4FE} = {401FC1B4-0667-3945-BE12-908F786CB4FE}
		{C0019842-F8B4-36D6-8ABC-BFB6DCF82ED4} = {C0019842-F8B4-36D6-8ABC-BFB6DCF82ED4}
		{542F599E-9967-3A40-8BC6-49C84AE77F53} = {542F599E-9967-3A40-8BC6-49C84AE77F53}
		{3D5A4FD4-C436-382C-9A97-A3B4DE5BE281} = {3D5A4FD4-C436-382C-9A97-A3B4DE5BE281}
	EndProjectSection
EndProject
Project("{8BC9CEB8-8B4A-11D0-8D11-00A0C91BC942}") = "sibr_remote", "renderer\sibr_remote.vcxproj", "{8E853A37-C487-3E76-9981-F49AA93CD684}"
	ProjectSection(ProjectDependencies) = postProject
		{58CFAD28-94C0-392B-B0D2-7E35D888D9B9} = {58CFAD28-94C0-392B-B0D2-7E35D888D9B9}
		{7560CBDC-BEAD-328C-9DE6-7B1807B69147} = {7560CBDC-BEAD-328C-9DE6-7B1807B69147}
		{401FC1B4-0667-3945-BE12-908F786CB4FE} = {401FC1B4-0667-3945-BE12-908F786CB4FE}
		{C502EE22-D550-30EA-9FF1-FDB3B1677E57} = {C502EE22-D550-30EA-9FF1-FDB3B1677E57}
		{C0019842-F8B4-36D6-8ABC-BFB6DCF82ED4} = {C0019842-F8B4-36D6-8ABC-BFB6DCF82ED4}
		{EB5E4E2A-C57B-34B7-BDB3-C87CEE1E10A5} = {EB5E4E2A-C57B-34B7-BDB3-C87CEE1E10A5}
		{EDB58399-74E6-322D-BD9A-C7F037ECB9DC} = {EDB58399-74E6-322D-BD9A-C7F037ECB9DC}
		{69E74FE9-9D93-34B3-B2CE-7E1952AA5015} = {69E74FE9-9D93-34B3-B2CE-7E1952AA5015}
		{542F599E-9967-3A40-8BC6-49C84AE77F53} = {542F599E-9967-3A40-8BC6-49C84AE77F53}
		{534BEFC5-E831-3A4A-B43F-E829B97CDCAA} = {534BEFC5-E831-3A4A-B43F-E829B97CDCAA}
		{6E72B2F0-A5EE-3E22-AD56-963141C5F1A7} = {6E72B2F0-A5EE-3E22-AD56-963141C5F1A7}
		{3D5A4FD4-C436-382C-9A97-A3B4DE5BE281} = {3D5A4FD4-C436-382C-9A97-A3B4DE5BE281}
	EndProjectSection
EndProject
Project("{8BC9CEB8-8B4A-11D0-8D11-00A0C91BC942}") = "sibr_remote_all", "sibr_remote_all.vcxproj", "{0CC3D215-042C-3A74-8300-85FF642BBA1F}"
	ProjectSection(ProjectDependencies) = postProject
		{6ADB6353-A0A2-3E01-8D5F-B34B996DFEE0} = {6ADB6353-A0A2-3E01-8D5F-B34B996DFEE0}
		{C9EA08F7-35A4-3FDF-AF4D-9E73E75D08CD} = {C9EA08F7-35A4-3FDF-AF4D-9E73E75D08CD}
		{58CFAD28-94C0-392B-B0D2-7E35D888D9B9} = {58CFAD28-94C0-392B-B0D2-7E35D888D9B9}
		{8E853A37-C487-3E76-9981-F49AA93CD684} = {8E853A37-C487-3E76-9981-F49AA93CD684}
		{EBAF3AF4-9243-307C-8366-9F05377B975C} = {EBAF3AF4-9243-307C-8366-9F05377B975C}
	EndProjectSection
EndProject
Project("{8BC9CEB8-8B4A-11D0-8D11-00A0C91BC942}") = "sibr_remote_all_install", "sibr_remote_all_install.vcxproj", "{7F4570D4-35B7-3A3C-A20A-AEDC0B1347E3}"
	ProjectSection(ProjectDependencies) = postProject
		{58CFAD28-94C0-392B-B0D2-7E35D888D9B9} = {58CFAD28-94C0-392B-B0D2-7E35D888D9B9}
		{0CC3D215-042C-3A74-8300-85FF642BBA1F} = {0CC3D215-042C-3A74-8300-85FF642BBA1F}
	EndProjectSection
EndProject
Project("{8BC9CEB8-8B4A-11D0-8D11-00A0C91BC942}") = "sibr_remote_install", "renderer\sibr_remote_install.vcxproj", "{EBAF3AF4-9243-307C-8366-9F05377B975C}"
	ProjectSection(ProjectDependencies) = postProject
		{58CFAD28-94C0-392B-B0D2-7E35D888D9B9} = {58CFAD28-94C0-392B-B0D2-7E35D888D9B9}
		{8E853A37-C487-3E76-9981-F49AA93CD684} = {8E853A37-C487-3E76-9981-F49AA93CD684}
	EndProjectSection
EndProject
Project("{8BC9CEB8-8B4A-11D0-8D11-00A0C91BC942}") = "sibr_renderer", "..\..\core\renderer\sibr_renderer.vcxproj", "{EDB58399-74E6-322D-BD9A-C7F037ECB9DC}"
	ProjectSection(ProjectDependencies) = postProject
		{58CFAD28-94C0-392B-B0D2-7E35D888D9B9} = {58CFAD28-94C0-392B-B0D2-7E35D888D9B9}
		{7560CBDC-BEAD-328C-9DE6-7B1807B69147} = {7560CBDC-BEAD-328C-9DE6-7B1807B69147}
		{401FC1B4-0667-3945-BE12-908F786CB4FE} = {401FC1B4-0667-3945-BE12-908F786CB4FE}
		{C0019842-F8B4-36D6-8ABC-BFB6DCF82ED4} = {C0019842-F8B4-36D6-8ABC-BFB6DCF82ED4}
		{EB5E4E2A-C57B-34B7-BDB3-C87CEE1E10A5} = {EB5E4E2A-C57B-34B7-BDB3-C87CEE1E10A5}
		{25BFAE22-A60F-3DCF-B892-2D11C5185174} = {25BFAE22-A60F-3DCF-B892-2D11C5185174}
		{69E74FE9-9D93-34B3-B2CE-7E1952AA5015} = {69E74FE9-9D93-34B3-B2CE-7E1952AA5015}
		{542F599E-9967-3A40-8BC6-49C84AE77F53} = {542F599E-9967-3A40-8BC6-49C84AE77F53}
		{534BEFC5-E831-3A4A-B43F-E829B97CDCAA} = {534BEFC5-E831-3A4A-B43F-E829B97CDCAA}
		{6E72B2F0-A5EE-3E22-AD56-963141C5F1A7} = {6E72B2F0-A5EE-3E22-AD56-963141C5F1A7}
		{3D5A4FD4-C436-382C-9A97-A3B4DE5BE281} = {3D5A4FD4-C436-382C-9A97-A3B4DE5BE281}
	EndProjectSection
EndProject
Project("{8BC9CEB8-8B4A-11D0-8D11-00A0C91BC942}") = "sibr_renderer_shaders", "..\..\core\renderer\sibr_renderer_shaders.vcxproj", "{25BFAE22-A60F-3DCF-B892-2D11C5185174}"
	ProjectSection(ProjectDependencies) = postProject
		{58CFAD28-94C0-392B-B0D2-7E35D888D9B9} = {58CFAD28-94C0-392B-B0D2-7E35D888D9B9}
	EndProjectSection
EndProject
Project("{8BC9CEB8-8B4A-11D0-8D11-00A0C91BC942}") = "sibr_scene", "..\..\core\scene\sibr_scene.vcxproj", "{69E74FE9-9D93-34B3-B2CE-7E1952AA5015}"
	ProjectSection(ProjectDependencies) = postProject
		{58CFAD28-94C0-392B-B0D2-7E35D888D9B9} = {58CFAD28-94C0-392B-B0D2-7E35D888D9B9}
		{7560CBDC-BEAD-328C-9DE6-7B1807B69147} = {7560CBDC-BEAD-328C-9DE6-7B1807B69147}
		{401FC1B4-0667-3945-BE12-908F786CB4FE} = {401FC1B4-0667-3945-BE12-908F786CB4FE}
		{C0019842-F8B4-36D6-8ABC-BFB6DCF82ED4} = {C0019842-F8B4-36D6-8ABC-BFB6DCF82ED4}
		{EB5E4E2A-C57B-34B7-BDB3-C87CEE1E10A5} = {EB5E4E2A-C57B-34B7-BDB3-C87CEE1E10A5}
		{542F599E-9967-3A40-8BC6-49C84AE77F53} = {542F599E-9967-3A40-8BC6-49C84AE77F53}
		{3D5A4FD4-C436-382C-9A97-A3B4DE5BE281} = {3D5A4FD4-C436-382C-9A97-A3B4DE5BE281}
	EndProjectSection
EndProject
Project("{8BC9CEB8-8B4A-11D0-8D11-00A0C91BC942}") = "sibr_system", "..\..\core\system\sibr_system.vcxproj", "{542F599E-9967-3A40-8BC6-49C84AE77F53}"
	ProjectSection(ProjectDependencies) = postProject
		{58CFAD28-94C0-392B-B0D2-7E35D888D9B9} = {58CFAD28-94C0-392B-B0D2-7E35D888D9B9}
	EndProjectSection
EndProject
Project("{8BC9CEB8-8B4A-11D0-8D11-00A0C91BC942}") = "sibr_video", "..\..\core\video\sibr_video.vcxproj", "{534BEFC5-E831-3A4A-B43F-E829B97CDCAA}"
	ProjectSection(ProjectDependencies) = postProject
		{58CFAD28-94C0-392B-B0D2-7E35D888D9B9} = {58CFAD28-94C0-392B-B0D2-7E35D888D9B9}
		{7560CBDC-BEAD-328C-9DE6-7B1807B69147} = {7560CBDC-BEAD-328C-9DE6-7B1807B69147}
		{C0019842-F8B4-36D6-8ABC-BFB6DCF82ED4} = {C0019842-F8B4-36D6-8ABC-BFB6DCF82ED4}
		{542F599E-9967-3A40-8BC6-49C84AE77F53} = {542F599E-9967-3A40-8BC6-49C84AE77F53}
	EndProjectSection
EndProject
Project("{8BC9CEB8-8B4A-11D0-8D11-00A0C91BC942}") = "sibr_view", "..\..\core\view\sibr_view.vcxproj", "{6E72B2F0-A5EE-3E22-AD56-963141C5F1A7}"
	ProjectSection(ProjectDependencies) = postProject
		{58CFAD28-94C0-392B-B0D2-7E35D888D9B9} = {58CFAD28-94C0-392B-B0D2-7E35D888D9B9}
		{7560CBDC-BEAD-328C-9DE6-7B1807B69147} = {7560CBDC-BEAD-328C-9DE6-7B1807B69147}
		{401FC1B4-0667-3945-BE12-908F786CB4FE} = {401FC1B4-0667-3945-BE12-908F786CB4FE}
		{C0019842-F8B4-36D6-8ABC-BFB6DCF82ED4} = {C0019842-F8B4-36D6-8ABC-BFB6DCF82ED4}
		{EB5E4E2A-C57B-34B7-BDB3-C87CEE1E10A5} = {EB5E4E2A-C57B-34B7-BDB3-C87CEE1E10A5}
		{69E74FE9-9D93-34B3-B2CE-7E1952AA5015} = {69E74FE9-9D93-34B3-B2CE-7E1952AA5015}
		{542F599E-9967-3A40-8BC6-49C84AE77F53} = {542F599E-9967-3A40-8BC6-49C84AE77F53}
		{534BEFC5-E831-3A4A-B43F-E829B97CDCAA} = {534BEFC5-E831-3A4A-B43F-E829B97CDCAA}
		{4047792E-7824-3EA7-BFB3-6D9AB802F689} = {4047792E-7824-3EA7-BFB3-6D9AB802F689}
		{3D5A4FD4-C436-382C-9A97-A3B4DE5BE281} = {3D5A4FD4-C436-382C-9A97-A3B4DE5BE281}
	EndProjectSection
EndProject
Project("{8BC9CEB8-8B4A-11D0-8D11-00A0C91BC942}") = "sibr_view_shaders", "..\..\core\view\sibr_view_shaders.vcxproj", "{4047792E-7824-3EA7-BFB3-6D9AB802F689}"
	ProjectSection(ProjectDependencies) = postProject
		{58CFAD28-94C0-392B-B0D2-7E35D888D9B9} = {58CFAD28-94C0-392B-B0D2-7E35D888D9B9}
	EndProjectSection
EndProject
Project("{8BC9CEB8-8B4A-11D0-8D11-00A0C91BC942}") = "xatlas", "..\..\..\extlibs\xatlas\build\xatlas.vcxproj", "{3D5A4FD4-C436-382C-9A97-A3B4DE5BE281}"
	ProjectSection(ProjectDependencies) = postProject
		{58CFAD28-94C0-392B-B0D2-7E35D888D9B9} = {58CFAD28-94C0-392B-B0D2-7E35D888D9B9}
	EndProjectSection
EndProject
Global
	GlobalSection(SolutionConfigurationPlatforms) = preSolution
		RelWithDebInfo|x64 = RelWithDebInfo|x64
		Release|x64 = Release|x64
		Debug|x64 = Debug|x64
	EndGlobalSection
	GlobalSection(ProjectConfigurationPlatforms) = postSolution
		{6770791D-7F3E-3FCB-BBB8-D7A4CF039111}.RelWithDebInfo|x64.ActiveCfg = RelWithDebInfo|x64
		{6770791D-7F3E-3FCB-BBB8-D7A4CF039111}.RelWithDebInfo|x64.Build.0 = RelWithDebInfo|x64
		{6770791D-7F3E-3FCB-BBB8-D7A4CF039111}.Release|x64.ActiveCfg = Release|x64
		{6770791D-7F3E-3FCB-BBB8-D7A4CF039111}.Release|x64.Build.0 = Release|x64
		{6770791D-7F3E-3FCB-BBB8-D7A4CF039111}.Debug|x64.ActiveCfg = Debug|x64
		{6770791D-7F3E-3FCB-BBB8-D7A4CF039111}.Debug|x64.Build.0 = Debug|x64
		{67E4B74A-5292-3B67-8506-86826DA5B389}.RelWithDebInfo|x64.ActiveCfg = RelWithDebInfo|x64
		{67E4B74A-5292-3B67-8506-86826DA5B389}.Release|x64.ActiveCfg = Release|x64
		{67E4B74A-5292-3B67-8506-86826DA5B389}.Debug|x64.ActiveCfg = Debug|x64
		{6ADB6353-A0A2-3E01-8D5F-B34B996DFEE0}.RelWithDebInfo|x64.ActiveCfg = RelWithDebInfo|x64
		{6ADB6353-A0A2-3E01-8D5F-B34B996DFEE0}.RelWithDebInfo|x64.Build.0 = RelWithDebInfo|x64
		{6ADB6353-A0A2-3E01-8D5F-B34B996DFEE0}.Release|x64.ActiveCfg = Release|x64
		{6ADB6353-A0A2-3E01-8D5F-B34B996DFEE0}.Release|x64.Build.0 = Release|x64
		{6ADB6353-A0A2-3E01-8D5F-B34B996DFEE0}.Debug|x64.ActiveCfg = Debug|x64
		{6ADB6353-A0A2-3E01-8D5F-B34B996DFEE0}.Debug|x64.Build.0 = Debug|x64
		{C9EA08F7-35A4-3FDF-AF4D-9E73E75D08CD}.RelWithDebInfo|x64.ActiveCfg = RelWithDebInfo|x64
		{C9EA08F7-35A4-3FDF-AF4D-9E73E75D08CD}.RelWithDebInfo|x64.Build.0 = RelWithDebInfo|x64
		{C9EA08F7-35A4-3FDF-AF4D-9E73E75D08CD}.Release|x64.ActiveCfg = Release|x64
		{C9EA08F7-35A4-3FDF-AF4D-9E73E75D08CD}.Release|x64.Build.0 = Release|x64
		{C9EA08F7-35A4-3FDF-AF4D-9E73E75D08CD}.Debug|x64.ActiveCfg = Debug|x64
		{C9EA08F7-35A4-3FDF-AF4D-9E73E75D08CD}.Debug|x64.Build.0 = Debug|x64
		{58CFAD28-94C0-392B-B0D2-7E35D888D9B9}.RelWithDebInfo|x64.ActiveCfg = RelWithDebInfo|x64
		{58CFAD28-94C0-392B-B0D2-7E35D888D9B9}.RelWithDebInfo|x64.Build.0 = RelWithDebInfo|x64
		{58CFAD28-94C0-392B-B0D2-7E35D888D9B9}.Release|x64.ActiveCfg = Release|x64
		{58CFAD28-94C0-392B-B0D2-7E35D888D9B9}.Release|x64.Build.0 = Release|x64
		{58CFAD28-94C0-392B-B0D2-7E35D888D9B9}.Debug|x64.ActiveCfg = Debug|x64
		{58CFAD28-94C0-392B-B0D2-7E35D888D9B9}.Debug|x64.Build.0 = Debug|x64
		{7560CBDC-BEAD-328C-9DE6-7B1807B69147}.RelWithDebInfo|x64.ActiveCfg = RelWithDebInfo|x64
		{7560CBDC-BEAD-328C-9DE6-7B1807B69147}.RelWithDebInfo|x64.Build.0 = RelWithDebInfo|x64
		{7560CBDC-BEAD-328C-9DE6-7B1807B69147}.Release|x64.ActiveCfg = Release|x64
		{7560CBDC-BEAD-328C-9DE6-7B1807B69147}.Release|x64.Build.0 = Release|x64
		{7560CBDC-BEAD-328C-9DE6-7B1807B69147}.Debug|x64.ActiveCfg = Debug|x64
		{7560CBDC-BEAD-328C-9DE6-7B1807B69147}.Debug|x64.Build.0 = Debug|x64
		{401FC1B4-0667-3945-BE12-908F786CB4FE}.RelWithDebInfo|x64.ActiveCfg = RelWithDebInfo|x64
		{401FC1B4-0667-3945-BE12-908F786CB4FE}.RelWithDebInfo|x64.Build.0 = RelWithDebInfo|x64
		{401FC1B4-0667-3945-BE12-908F786CB4FE}.Release|x64.ActiveCfg = Release|x64
		{401FC1B4-0667-3945-BE12-908F786CB4FE}.Release|x64.Build.0 = Release|x64
		{401FC1B4-0667-3945-BE12-908F786CB4FE}.Debug|x64.ActiveCfg = Debug|x64
		{401FC1B4-0667-3945-BE12-908F786CB4FE}.Debug|x64.Build.0 = Debug|x64
		{C502EE22-D550-30EA-9FF1-FDB3B1677E57}.RelWithDebInfo|x64.ActiveCfg = RelWithDebInfo|x64
		{C502EE22-D550-30EA-9FF1-FDB3B1677E57}.RelWithDebInfo|x64.Build.0 = RelWithDebInfo|x64
		{C502EE22-D550-30EA-9FF1-FDB3B1677E57}.Release|x64.ActiveCfg = Release|x64
		{C502EE22-D550-30EA-9FF1-FDB3B1677E57}.Release|x64.Build.0 = Release|x64
		{C502EE22-D550-30EA-9FF1-FDB3B1677E57}.Debug|x64.ActiveCfg = Debug|x64
		{C502EE22-D550-30EA-9FF1-FDB3B1677E57}.Debug|x64.Build.0 = Debug|x64
		{C0019842-F8B4-36D6-8ABC-BFB6DCF82ED4}.RelWithDebInfo|x64.ActiveCfg = RelWithDebInfo|x64
		{C0019842-F8B4-36D6-8ABC-BFB6DCF82ED4}.RelWithDebInfo|x64.Build.0 = RelWithDebInfo|x64
		{C0019842-F8B4-36D6-8ABC-BFB6DCF82ED4}.Release|x64.ActiveCfg = Release|x64
		{C0019842-F8B4-36D6-8ABC-BFB6DCF82ED4}.Release|x64.Build.0 = Release|x64
		{C0019842-F8B4-36D6-8ABC-BFB6DCF82ED4}.Debug|x64.ActiveCfg = Debug|x64
		{C0019842-F8B4-36D6-8ABC-BFB6DCF82ED4}.Debug|x64.Build.0 = Debug|x64
		{B59900AA-7918-32B1-9557-4D99F1B4CFB9}.RelWithDebInfo|x64.ActiveCfg = RelWithDebInfo|x64
		{B59900AA-7918-32B1-9557-4D99F1B4CFB9}.RelWithDebInfo|x64.Build.0 = RelWithDebInfo|x64
		{B59900AA-7918-32B1-9557-4D99F1B4CFB9}.Release|x64.ActiveCfg = Release|x64
		{B59900AA-7918-32B1-9557-4D99F1B4CFB9}.Release|x64.Build.0 = Release|x64
		{B59900AA-7918-32B1-9557-4D99F1B4CFB9}.Debug|x64.ActiveCfg = Debug|x64
		{B59900AA-7918-32B1-9557-4D99F1B4CFB9}.Debug|x64.Build.0 = Debug|x64
		{EB5E4E2A-C57B-34B7-BDB3-C87CEE1E10A5}.RelWithDebInfo|x64.ActiveCfg = RelWithDebInfo|x64
		{EB5E4E2A-C57B-34B7-BDB3-C87CEE1E10A5}.RelWithDebInfo|x64.Build.0 = RelWithDebInfo|x64
		{EB5E4E2A-C57B-34B7-BDB3-C87CEE1E10A5}.Release|x64.ActiveCfg = Release|x64
		{EB5E4E2A-C57B-34B7-BDB3-C87CEE1E10A5}.Release|x64.Build.0 = Release|x64
		{EB5E4E2A-C57B-34B7-BDB3-C87CEE1E10A5}.Debug|x64.ActiveCfg = Debug|x64
		{EB5E4E2A-C57B-34B7-BDB3-C87CEE1E10A5}.Debug|x64.Build.0 = Debug|x64
		{8E853A37-C487-3E76-9981-F49AA93CD684}.RelWithDebInfo|x64.ActiveCfg = RelWithDebInfo|x64
		{8E853A37-C487-3E76-9981-F49AA93CD684}.RelWithDebInfo|x64.Build.0 = RelWithDebInfo|x64
		{8E853A37-C487-3E76-9981-F49AA93CD684}.Release|x64.ActiveCfg = Release|x64
		{8E853A37-C487-3E76-9981-F49AA93CD684}.Release|x64.Build.0 = Release|x64
		{8E853A37-C487-3E76-9981-F49AA93CD684}.Debug|x64.ActiveCfg = Debug|x64
		{8E853A37-C487-3E76-9981-F49AA93CD684}.Debug|x64.Build.0 = Debug|x64
		{0CC3D215-042C-3A74-8300-85FF642BBA1F}.RelWithDebInfo|x64.ActiveCfg = RelWithDebInfo|x64
		{0CC3D215-042C-3A74-8300-85FF642BBA1F}.RelWithDebInfo|x64.Build.0 = RelWithDebInfo|x64
		{0CC3D215-042C-3A74-8300-85FF642BBA1F}.Release|x64.ActiveCfg = Release|x64
		{0CC3D215-042C-3A74-8300-85FF642BBA1F}.Release|x64.Build.0 = Release|x64
		{0CC3D215-042C-3A74-8300-85FF642BBA1F}.Debug|x64.ActiveCfg = Debug|x64
		{0CC3D215-042C-3A74-8300-85FF642BBA1F}.Debug|x64.Build.0 = Debug|x64
		{7F4570D4-35B7-3A3C-A20A-AEDC0B1347E3}.RelWithDebInfo|x64.ActiveCfg = RelWithDebInfo|x64
		{7F4570D4-35B7-3A3C-A20A-AEDC0B1347E3}.Release|x64.ActiveCfg = Release|x64
		{7F4570D4-35B7-3A3C-A20A-AEDC0B1347E3}.Debug|x64.ActiveCfg = Debug|x64
		{EBAF3AF4-9243-307C-8366-9F05377B975C}.RelWithDebInfo|x64.ActiveCfg = RelWithDebInfo|x64
		{EBAF3AF4-9243-307C-8366-9F05377B975C}.RelWithDebInfo|x64.Build.0 = RelWithDebInfo|x64
		{EBAF3AF4-9243-307C-8366-9F05377B975C}.Release|x64.ActiveCfg = Release|x64
		{EBAF3AF4-9243-307C-8366-9F05377B975C}.Release|x64.Build.0 = Release|x64
		{EBAF3AF4-9243-307C-8366-9F05377B975C}.Debug|x64.ActiveCfg = Debug|x64
		{EBAF3AF4-9243-307C-8366-9F05377B975C}.Debug|x64.Build.0 = Debug|x64
		{EDB58399-74E6-322D-BD9A-C7F037ECB9DC}.RelWithDebInfo|x64.ActiveCfg = RelWithDebInfo|x64
		{EDB58399-74E6-322D-BD9A-C7F037ECB9DC}.RelWithDebInfo|x64.Build.0 = RelWithDebInfo|x64
		{EDB58399-74E6-322D-BD9A-C7F037ECB9DC}.Release|x64.ActiveCfg = Release|x64
		{EDB58399-74E6-322D-BD9A-C7F037ECB9DC}.Release|x64.Build.0 = Release|x64
		{EDB58399-74E6-322D-BD9A-C7F037ECB9DC}.Debug|x64.ActiveCfg = Debug|x64
		{EDB58399-74E6-322D-BD9A-C7F037ECB9DC}.Debug|x64.Build.0 = Debug|x64
		{25BFAE22-A60F-3DCF-B892-2D11C5185174}.RelWithDebInfo|x64.ActiveCfg = RelWithDebInfo|x64
		{25BFAE22-A60F-3DCF-B892-2D11C5185174}.RelWithDebInfo|x64.Build.0 = RelWithDebInfo|x64
		{25BFAE22-A60F-3DCF-B892-2D11C5185174}.Release|x64.ActiveCfg = Release|x64
		{25BFAE22-A60F-3DCF-B892-2D11C5185174}.Release|x64.Build.0 = Release|x64
		{25BFAE22-A60F-3DCF-B892-2D11C5185174}.Debug|x64.ActiveCfg = Debug|x64
		{25BFAE22-A60F-3DCF-B892-2D11C5185174}.Debug|x64.Build.0 = Debug|x64
		{69E74FE9-9D93-34B3-B2CE-7E1952AA5015}.RelWithDebInfo|x64.ActiveCfg = RelWithDebInfo|x64
		{69E74FE9-9D93-34B3-B2CE-7E1952AA5015}.RelWithDebInfo|x64.Build.0 = RelWithDebInfo|x64
		{69E74FE9-9D93-34B3-B2CE-7E1952AA5015}.Release|x64.ActiveCfg = Release|x64
		{69E74FE9-9D93-34B3-B2CE-7E1952AA5015}.Release|x64.Build.0 = Release|x64
		{69E74FE9-9D93-34B3-B2CE-7E1952AA5015}.Debug|x64.ActiveCfg = Debug|x64
		{69E74FE9-9D93-34B3-B2CE-7E1952AA5015}.Debug|x64.Build.0 = Debug|x64
		{542F599E-9967-3A40-8BC6-49C84AE77F53}.RelWithDebInfo|x64.ActiveCfg = RelWithDebInfo|x64
		{542F599E-9967-3A40-8BC6-49C84AE77F53}.RelWithDebInfo|x64.Build.0 = RelWithDebInfo|x64
		{542F599E-9967-3A40-8BC6-49C84AE77F53}.Release|x64.ActiveCfg = Release|x64
		{542F599E-9967-3A40-8BC6-49C84AE77F53}.Release|x64.Build.0 = Release|x64
		{542F599E-9967-3A40-8BC6-49C84AE77F53}.Debug|x64.ActiveCfg = Debug|x64
		{542F599E-9967-3A40-8BC6-49C84AE77F53}.Debug|x64.Build.0 = Debug|x64
		{534BEFC5-E831-3A4A-B43F-E829B97CDCAA}.RelWithDebInfo|x64.ActiveCfg = RelWithDebInfo|x64
		{534BEFC5-E831-3A4A-B43F-E829B97CDCAA}.RelWithDebInfo|x64.Build.0 = RelWithDebInfo|x64
		{534BEFC5-E831-3A4A-B43F-E829B97CDCAA}.Release|x64.ActiveCfg = Release|x64
		{534BEFC5-E831-3A4A-B43F-E829B97CDCAA}.Release|x64.Build.0 = Release|x64
		{534BEFC5-E831-3A4A-B43F-E829B97CDCAA}.Debug|x64.ActiveCfg = Debug|x64
		{534BEFC5-E831-3A4A-B43F-E829B97CDCAA}.Debug|x64.Build.0 = Debug|x64
		{6E72B2F0-A5EE-3E22-AD56-963141C5F1A7}.RelWithDebInfo|x64.ActiveCfg = RelWithDebInfo|x64
		{6E72B2F0-A5EE-3E22-AD56-963141C5F1A7}.RelWithDebInfo|x64.Build.0 = RelWithDebInfo|x64
		{6E72B2F0-A5EE-3E22-AD56-963141C5F1A7}.Release|x64.ActiveCfg = Release|x64
		{6E72B2F0-A5EE-3E22-AD56-963141C5F1A7}.Release|x64.Build.0 = Release|x64
		{6E72B2F0-A5EE-3E22-AD56-963141C5F1A7}.Debug|x64.ActiveCfg = Debug|x64
		{6E72B2F0-A5EE-3E22-AD56-963141C5F1A7}.Debug|x64.Build.0 = Debug|x64
		{4047792E-7824-3EA7-BFB3-6D9AB802F689}.RelWithDebInfo|x64.ActiveCfg = RelWithDebInfo|x64
		{4047792E-7824-3EA7-BFB3-6D9AB802F689}.RelWithDebInfo|x64.Build.0 = RelWithDebInfo|x64
		{4047792E-7824-3EA7-BFB3-6D9AB802F689}.Release|x64.ActiveCfg = Release|x64
		{4047792E-7824-3EA7-BFB3-6D9AB802F689}.Release|x64.Build.0 = Release|x64
		{4047792E-7824-3EA7-BFB3-6D9AB802F689}.Debug|x64.ActiveCfg = Debug|x64
		{4047792E-7824-3EA7-BFB3-6D9AB802F689}.Debug|x64.Build.0 = Debug|x64
		{3D5A4FD4-C436-382C-9A97-A3B4DE5BE281}.RelWithDebInfo|x64.ActiveCfg = RelWithDebInfo|x64
		{3D5A4FD4-C436-382C-9A97-A3B4DE5BE281}.RelWithDebInfo|x64.Build.0 = RelWithDebInfo|x64
		{3D5A4FD4-C436-382C-9A97-A3B4DE5BE281}.Release|x64.ActiveCfg = Release|x64
		{3D5A4FD4-C436-382C-9A97-A3B4DE5BE281}.Release|x64.Build.0 = Release|x64
		{3D5A4FD4-C436-382C-9A97-A3B4DE5BE281}.Debug|x64.ActiveCfg = Debug|x64
		{3D5A4FD4-C436-382C-9A97-A3B4DE5BE281}.Debug|x64.Build.0 = Debug|x64
	EndGlobalSection
	GlobalSection(NestedProjects) = preSolution
		{401FC1B4-0667-3945-BE12-908F786CB4FE} = {15AFABC2-4527-3B16-84A9-10ABB8BC6163}
		{C0019842-F8B4-36D6-8ABC-BFB6DCF82ED4} = {15AFABC2-4527-3B16-84A9-10ABB8BC6163}
		{B59900AA-7918-32B1-9557-4D99F1B4CFB9} = {15AFABC2-4527-3B16-84A9-10ABB8BC6163}
		{EB5E4E2A-C57B-34B7-BDB3-C87CEE1E10A5} = {15AFABC2-4527-3B16-84A9-10ABB8BC6163}
		{EDB58399-74E6-322D-BD9A-C7F037ECB9DC} = {15AFABC2-4527-3B16-84A9-10ABB8BC6163}
		{25BFAE22-A60F-3DCF-B892-2D11C5185174} = {15AFABC2-4527-3B16-84A9-10ABB8BC6163}
		{69E74FE9-9D93-34B3-B2CE-7E1952AA5015} = {15AFABC2-4527-3B16-84A9-10ABB8BC6163}
		{542F599E-9967-3A40-8BC6-49C84AE77F53} = {15AFABC2-4527-3B16-84A9-10ABB8BC6163}
		{534BEFC5-E831-3A4A-B43F-E829B97CDCAA} = {15AFABC2-4527-3B16-84A9-10ABB8BC6163}
		{6E72B2F0-A5EE-3E22-AD56-963141C5F1A7} = {15AFABC2-4527-3B16-84A9-10ABB8BC6163}
		{4047792E-7824-3EA7-BFB3-6D9AB802F689} = {15AFABC2-4527-3B16-84A9-10ABB8BC6163}
		{7560CBDC-BEAD-328C-9DE6-7B1807B69147} = {0CCA2CAF-3209-36A4-9282-511E7EBD12F7}
		{3D5A4FD4-C436-382C-9A97-A3B4DE5BE281} = {0CCA2CAF-3209-36A4-9282-511E7EBD12F7}
		{FBDFFFA8-0638-3C23-8876-7EC66C876E2F} = {FD5D38D2-0322-3A36-8B27-51C988C574AC}
		{2D0BA29B-8520-31AE-840C-FD099525D5CB} = {FD5D38D2-0322-3A36-8B27-51C988C574AC}
		{CE59D4BA-9F86-3D5A-A68F-AF3C1C7E9238} = {FBDFFFA8-0638-3C23-8876-7EC66C876E2F}
		{C502EE22-D550-30EA-9FF1-FDB3B1677E57} = {CE59D4BA-9F86-3D5A-A68F-AF3C1C7E9238}
		{7603EBD6-5D6A-31FB-B7D9-A2AF0B3306C8} = {2D0BA29B-8520-31AE-840C-FD099525D5CB}
		{4444C021-4225-3F6E-9680-E91756A33705} = {2D0BA29B-8520-31AE-840C-FD099525D5CB}
		{0CC3D215-042C-3A74-8300-85FF642BBA1F} = {2D0BA29B-8520-31AE-840C-FD099525D5CB}
		{7F4570D4-35B7-3A3C-A20A-AEDC0B1347E3} = {2D0BA29B-8520-31AE-840C-FD099525D5CB}
		{6ADB6353-A0A2-3E01-8D5F-B34B996DFEE0} = {7603EBD6-5D6A-31FB-B7D9-A2AF0B3306C8}
		{C9EA08F7-35A4-3FDF-AF4D-9E73E75D08CD} = {7603EBD6-5D6A-31FB-B7D9-A2AF0B3306C8}
		{8E853A37-C487-3E76-9981-F49AA93CD684} = {4444C021-4225-3F6E-9680-E91756A33705}
		{EBAF3AF4-9243-307C-8366-9F05377B975C} = {4444C021-4225-3F6E-9680-E91756A33705}
	EndGlobalSection
	GlobalSection(ExtensibilityGlobals) = postSolution
		SolutionGuid = {61DBAC48-53BC-3537-9C86-01C2E24D8A37}
	EndGlobalSection
	GlobalSection(ExtensibilityAddIns) = postSolution
	EndGlobalSection
EndGlobal
