<?xml version="1.0" encoding="utf-8"?>
<Project ToolsVersion="16.0" xmlns="http://schemas.microsoft.com/developer/msbuild/2003">
  <ItemGroup>
    <CustomBuild Include="E:\PhD\gaussian_VR\VRSplat\SIBR_viewers\CMakeFiles\f1afcac016b0a20a1102ee8403555ddd\sibr_gaussian_install.rule">
      <Filter>CMake Rules</Filter>
    </CustomBuild>
    <CustomBuild Include="E:\PhD\gaussian_VR\VRSplat\SIBR_viewers\src\projects\gaussianviewer\renderer\CMakeLists.txt" />
  </ItemGroup>
  <ItemGroup>
    <None Include="E:\PhD\gaussian_VR\VRSplat\SIBR_viewers\src\projects\gaussianviewer\renderer\CMakeFiles\sibr_gaussian_install" />
  </ItemGroup>
  <ItemGroup>
    <Filter Include="CMake Rules">
      <UniqueIdentifier>{82606B91-CFE4-3DB2-8988-F27E4E6D2B4D}</UniqueIdentifier>
    </Filter>
  </ItemGroup>
</Project>
